
Microsoft Visual Studio Solution File, Format Version 12.00
# Visual Studio Version 17
VisualStudioVersion = 17.0.31903.59
MinimumVisualStudioVersion = 10.0.40219.1
Project("{2150E333-8FDC-42A3-9474-1A3956D46DE8}") = "Solution Items", "Solution Items", "{93624518-7D18-4D7A-A42E-70E5F31AD87B}"
	ProjectSection(SolutionItems) = preProject
		.gitignore = .gitignore
	EndProjectSection
EndProject
Project("{FAE04EC0-301F-11D3-BF4B-00C04F79EFBC}") = "LeetcodeMsft.Lib", "LeetcodeMsft.Lib\LeetcodeMsft.Lib.csproj", "{D292DE62-C67B-4D42-AC2D-7ABDEDAC2CC0}"
EndProject
Project("{FAE04EC0-301F-11D3-BF4B-00C04F79EFBC}") = "LeetcodeMsft.Lib.Tests", "LeetcodeMsft.Lib.Tests\LeetcodeMsft.Lib.Tests.csproj", "{E238602A-99A4-45F5-8BFB-B9DA39003555}"
EndProject
Global
	GlobalSection(SolutionConfigurationPlatforms) = preSolution
		Debug|Any CPU = Debug|Any CPU
		Release|Any CPU = Release|Any CPU
	EndGlobalSection
	GlobalSection(ProjectConfigurationPlatforms) = postSolution
		{D292DE62-C67B-4D42-AC2D-7ABDEDAC2CC0}.Debug|Any CPU.ActiveCfg = Debug|Any CPU
		{D292DE62-C67B-4D42-AC2D-7ABDEDAC2CC0}.Debug|Any CPU.Build.0 = Debug|Any CPU
		{D292DE62-C67B-4D42-AC2D-7ABDEDAC2CC0}.Release|Any CPU.ActiveCfg = Release|Any CPU
		{D292DE62-C67B-4D42-AC2D-7ABDEDAC2CC0}.Release|Any CPU.Build.0 = Release|Any CPU
		{E238602A-99A4-45F5-8BFB-B9DA39003555}.Debug|Any CPU.ActiveCfg = Debug|Any CPU
		{E238602A-99A4-45F5-8BFB-B9DA39003555}.Debug|Any CPU.Build.0 = Debug|Any CPU
		{E238602A-99A4-45F5-8BFB-B9DA39003555}.Release|Any CPU.ActiveCfg = Release|Any CPU
		{E238602A-99A4-45F5-8BFB-B9DA39003555}.Release|Any CPU.Build.0 = Release|Any CPU
	EndGlobalSection
	GlobalSection(SolutionProperties) = preSolution
		HideSolutionNode = FALSE
	EndGlobalSection
	GlobalSection(ExtensibilityGlobals) = postSolution
		SolutionGuid = {1C17AFCB-2D2E-4D07-8E99-E8D697EFE5F5}
	EndGlobalSection
EndGlobal
