
Microsoft Visual Studio Solution File, Format Version 12.00
# Visual Studio Version 17
VisualStudioVersion = 17.0.31903.59
MinimumVisualStudioVersion = 10.0.40219.1
Project("{2150E333-8FDC-42A3-9474-1A3956D46DE8}") = "TwoSum", "TwoSum", "{16AF4D80-8DA8-4C4B-B25F-0681F3040DAB}"
EndProject
Project("{9A19103F-16F7-4668-BE54-9A1E7A4F7556}") = "TwoSum.Lib", "TwoSum\TwoSum.Lib\TwoSum.Lib.csproj", "{981031EC-85F8-4F53-BB2C-7761C6961227}"
EndProject
Project("{9A19103F-16F7-4668-BE54-9A1E7A4F7556}") = "TwoSum.Tests", "TwoSum\TwoSum.Tests\TwoSum.Tests.csproj", "{D2D47A3F-8D61-4025-9990-D50A49DCCCC3}"
EndProject
Project("{2150E333-8FDC-42A3-9474-1A3956D46DE8}") = "ValidPalindrome", "ValidPalindrome", "{95B808E9-3852-41DE-990B-10D73349668B}"
EndProject
Project("{9A19103F-16F7-4668-BE54-9A1E7A4F7556}") = "ValidPalindrome.Lib", "ValidPalindrome\ValidPalindrome.Lib\ValidPalindrome.Lib.csproj", "{9D77E3AD-0400-4CAA-803F-5A71581F2486}"
EndProject
Project("{9A19103F-16F7-4668-BE54-9A1E7A4F7556}") = "ValidPalindrome.Tests", "ValidPalindrome\ValidPalindrome.Tests\ValidPalindrome.Tests.csproj", "{BDFDF6E5-B86B-4632-B258-F586A6A91C1F}"
EndProject
Project("{2150E333-8FDC-42A3-9474-1A3956D46DE8}") = "ValidParentheses", "ValidParentheses", "{C6F338A4-F36A-410F-A942-8210DD263544}"
EndProject
Project("{9A19103F-16F7-4668-BE54-9A1E7A4F7556}") = "ValidParentheses.Lib", "ValidParentheses\ValidParentheses.Lib\ValidParentheses.Lib.csproj", "{724A8F74-04F5-418F-89AF-2C82D5D4848D}"
EndProject
Project("{9A19103F-16F7-4668-BE54-9A1E7A4F7556}") = "ValidParentheses.Tests", "ValidParentheses\ValidParentheses.Tests\ValidParentheses.Tests.csproj", "{5828FF6A-61FF-4D91-A674-688077C32CB6}"
EndProject
Project("{2150E333-8FDC-42A3-9474-1A3956D46DE8}") = "Solution Items", "Solution Items", "{E66DD82C-D86C-4AE1-ABA4-5276C00A0E64}"
	ProjectSection(SolutionItems) = preProject
		.gitignore = .gitignore
		README.md = README.md
		SetupProjects.ps1 = SetupProjects.ps1
	EndProjectSection
EndProject
Project("{2150E333-8FDC-42A3-9474-1A3956D46DE8}") = "ReverseString", "ReverseString", "{994340D4-DBB2-47D5-B49F-33879AF53806}"
EndProject
Project("{FAE04EC0-301F-11D3-BF4B-00C04F79EFBC}") = "ReverseString.Lib", "ReverseString\ReverseString.Lib\ReverseString.Lib.csproj", "{135EE96C-4D04-43EE-9BCB-CE7E9564C92A}"
EndProject
Project("{FAE04EC0-301F-11D3-BF4B-00C04F79EFBC}") = "ReverseString.Tests", "ReverseString\ReverseString.Tests\ReverseString.Tests.csproj", "{3BF50EC2-613F-4BDB-A424-47849C2E9A1A}"
EndProject
Global
	GlobalSection(SolutionConfigurationPlatforms) = preSolution
		Debug|Any CPU = Debug|Any CPU
		Release|Any CPU = Release|Any CPU
	EndGlobalSection
	GlobalSection(ProjectConfigurationPlatforms) = postSolution
		{981031EC-85F8-4F53-BB2C-7761C6961227}.Debug|Any CPU.ActiveCfg = Debug|Any CPU
		{981031EC-85F8-4F53-BB2C-7761C6961227}.Debug|Any CPU.Build.0 = Debug|Any CPU
		{981031EC-85F8-4F53-BB2C-7761C6961227}.Release|Any CPU.ActiveCfg = Release|Any CPU
		{981031EC-85F8-4F53-BB2C-7761C6961227}.Release|Any CPU.Build.0 = Release|Any CPU
		{D2D47A3F-8D61-4025-9990-D50A49DCCCC3}.Debug|Any CPU.ActiveCfg = Debug|Any CPU
		{D2D47A3F-8D61-4025-9990-D50A49DCCCC3}.Debug|Any CPU.Build.0 = Debug|Any CPU
		{D2D47A3F-8D61-4025-9990-D50A49DCCCC3}.Release|Any CPU.ActiveCfg = Release|Any CPU
		{D2D47A3F-8D61-4025-9990-D50A49DCCCC3}.Release|Any CPU.Build.0 = Release|Any CPU
		{9D77E3AD-0400-4CAA-803F-5A71581F2486}.Debug|Any CPU.ActiveCfg = Debug|Any CPU
		{9D77E3AD-0400-4CAA-803F-5A71581F2486}.Debug|Any CPU.Build.0 = Debug|Any CPU
		{9D77E3AD-0400-4CAA-803F-5A71581F2486}.Release|Any CPU.ActiveCfg = Release|Any CPU
		{9D77E3AD-0400-4CAA-803F-5A71581F2486}.Release|Any CPU.Build.0 = Release|Any CPU
		{BDFDF6E5-B86B-4632-B258-F586A6A91C1F}.Debug|Any CPU.ActiveCfg = Debug|Any CPU
		{BDFDF6E5-B86B-4632-B258-F586A6A91C1F}.Debug|Any CPU.Build.0 = Debug|Any CPU
		{BDFDF6E5-B86B-4632-B258-F586A6A91C1F}.Release|Any CPU.ActiveCfg = Release|Any CPU
		{BDFDF6E5-B86B-4632-B258-F586A6A91C1F}.Release|Any CPU.Build.0 = Release|Any CPU
		{724A8F74-04F5-418F-89AF-2C82D5D4848D}.Debug|Any CPU.ActiveCfg = Debug|Any CPU
		{724A8F74-04F5-418F-89AF-2C82D5D4848D}.Debug|Any CPU.Build.0 = Debug|Any CPU
		{724A8F74-04F5-418F-89AF-2C82D5D4848D}.Release|Any CPU.ActiveCfg = Release|Any CPU
		{724A8F74-04F5-418F-89AF-2C82D5D4848D}.Release|Any CPU.Build.0 = Release|Any CPU
		{5828FF6A-61FF-4D91-A674-688077C32CB6}.Debug|Any CPU.ActiveCfg = Debug|Any CPU
		{5828FF6A-61FF-4D91-A674-688077C32CB6}.Debug|Any CPU.Build.0 = Debug|Any CPU
		{5828FF6A-61FF-4D91-A674-688077C32CB6}.Release|Any CPU.ActiveCfg = Release|Any CPU
		{5828FF6A-61FF-4D91-A674-688077C32CB6}.Release|Any CPU.Build.0 = Release|Any CPU
		{135EE96C-4D04-43EE-9BCB-CE7E9564C92A}.Debug|Any CPU.ActiveCfg = Debug|Any CPU
		{135EE96C-4D04-43EE-9BCB-CE7E9564C92A}.Debug|Any CPU.Build.0 = Debug|Any CPU
		{135EE96C-4D04-43EE-9BCB-CE7E9564C92A}.Release|Any CPU.ActiveCfg = Release|Any CPU
		{135EE96C-4D04-43EE-9BCB-CE7E9564C92A}.Release|Any CPU.Build.0 = Release|Any CPU
		{3BF50EC2-613F-4BDB-A424-47849C2E9A1A}.Debug|Any CPU.ActiveCfg = Debug|Any CPU
		{3BF50EC2-613F-4BDB-A424-47849C2E9A1A}.Debug|Any CPU.Build.0 = Debug|Any CPU
		{3BF50EC2-613F-4BDB-A424-47849C2E9A1A}.Release|Any CPU.ActiveCfg = Release|Any CPU
		{3BF50EC2-613F-4BDB-A424-47849C2E9A1A}.Release|Any CPU.Build.0 = Release|Any CPU
	EndGlobalSection
	GlobalSection(SolutionProperties) = preSolution
		HideSolutionNode = FALSE
	EndGlobalSection
	GlobalSection(NestedProjects) = preSolution
		{981031EC-85F8-4F53-BB2C-7761C6961227} = {16AF4D80-8DA8-4C4B-B25F-0681F3040DAB}
		{D2D47A3F-8D61-4025-9990-D50A49DCCCC3} = {16AF4D80-8DA8-4C4B-B25F-0681F3040DAB}
		{9D77E3AD-0400-4CAA-803F-5A71581F2486} = {95B808E9-3852-41DE-990B-10D73349668B}
		{BDFDF6E5-B86B-4632-B258-F586A6A91C1F} = {95B808E9-3852-41DE-990B-10D73349668B}
		{724A8F74-04F5-418F-89AF-2C82D5D4848D} = {C6F338A4-F36A-410F-A942-8210DD263544}
		{5828FF6A-61FF-4D91-A674-688077C32CB6} = {C6F338A4-F36A-410F-A942-8210DD263544}
		{135EE96C-4D04-43EE-9BCB-CE7E9564C92A} = {994340D4-DBB2-47D5-B49F-33879AF53806}
		{3BF50EC2-613F-4BDB-A424-47849C2E9A1A} = {994340D4-DBB2-47D5-B49F-33879AF53806}
	EndGlobalSection
EndGlobal
